
Microsoft Visual Studio Solution File, Format Version 11.00
# Visual Studio 2010
Project("{FAE04EC0-301F-11D3-BF4B-00C04F79EFBC}") = "FSWatcher", "FSWatcher\FSWatcher.csproj", "{C6C8B011-B98B-4DAD-B32C-7AE95382268B}"
EndProject
Project("{FAE04EC0-301F-11D3-BF4B-00C04F79EFBC}") = "FSWatcherLib", "FSWatcherLib\FSWatcherLib.csproj", "{9910B595-449F-40A3-87DF-3AB6832130D0}"
EndProject
Global
	GlobalSection(SolutionConfigurationPlatforms) = preSolution
		Debug|Any CPU = Debug|Any CPU
		Debug|Mixed Platforms = Debug|Mixed Platforms
		Debug|x86 = Debug|x86
		Release|Any CPU = Release|Any CPU
		Release|Mixed Platforms = Release|Mixed Platforms
		Release|x86 = Release|x86
	EndGlobalSection
	GlobalSection(ProjectConfigurationPlatforms) = postSolution
		{C6C8B011-B98B-4DAD-B32C-7AE95382268B}.Debug|Any CPU.ActiveCfg = Debug|x86
		{C6C8B011-B98B-4DAD-B32C-7AE95382268B}.Debug|Mixed Platforms.ActiveCfg = Debug|x86
		{C6C8B011-B98B-4DAD-B32C-7AE95382268B}.Debug|Mixed Platforms.Build.0 = Debug|x86
		{C6C8B011-B98B-4DAD-B32C-7AE95382268B}.Debug|x86.ActiveCfg = Debug|x86
		{C6C8B011-B98B-4DAD-B32C-7AE95382268B}.Debug|x86.Build.0 = Debug|x86
		{C6C8B011-B98B-4DAD-B32C-7AE95382268B}.Release|Any CPU.ActiveCfg = Release|x86
		{C6C8B011-B98B-4DAD-B32C-7AE95382268B}.Release|Mixed Platforms.ActiveCfg = Release|x86
		{C6C8B011-B98B-4DAD-B32C-7AE95382268B}.Release|Mixed Platforms.Build.0 = Release|x86
		{C6C8B011-B98B-4DAD-B32C-7AE95382268B}.Release|x86.ActiveCfg = Release|x86
		{C6C8B011-B98B-4DAD-B32C-7AE95382268B}.Release|x86.Build.0 = Release|x86
		{9910B595-449F-40A3-87DF-3AB6832130D0}.Debug|Any CPU.ActiveCfg = Debug|Any CPU
		{9910B595-449F-40A3-87DF-3AB6832130D0}.Debug|Any CPU.Build.0 = Debug|Any CPU
		{9910B595-449F-40A3-87DF-3AB6832130D0}.Debug|Mixed Platforms.ActiveCfg = Debug|Any CPU
		{9910B595-449F-40A3-87DF-3AB6832130D0}.Debug|Mixed Platforms.Build.0 = Debug|Any CPU
		{9910B595-449F-40A3-87DF-3AB6832130D0}.Debug|x86.ActiveCfg = Debug|Any CPU
		{9910B595-449F-40A3-87DF-3AB6832130D0}.Release|Any CPU.ActiveCfg = Release|Any CPU
		{9910B595-449F-40A3-87DF-3AB6832130D0}.Release|Any CPU.Build.0 = Release|Any CPU
		{9910B595-449F-40A3-87DF-3AB6832130D0}.Release|Mixed Platforms.ActiveCfg = Release|Any CPU
		{9910B595-449F-40A3-87DF-3AB6832130D0}.Release|Mixed Platforms.Build.0 = Release|Any CPU
		{9910B595-449F-40A3-87DF-3AB6832130D0}.Release|x86.ActiveCfg = Release|Any CPU
	EndGlobalSection
	GlobalSection(SolutionProperties) = preSolution
		HideSolutionNode = FALSE
	EndGlobalSection
EndGlobal
