
Microsoft Visual Studio Solution File, Format Version 11.00
# Visual Studio 2010
Project("{FAE04EC0-301F-11D3-BF4B-00C04F79EFBC}") = "Sipro", "Sipro\Sipro.csproj", "{5AB18474-69B4-4B80-AB52-B5F0DC552176}"
EndProject
Project("{FAE04EC0-301F-11D3-BF4B-00C04F79EFBC}") = "Autenticacion", "Autenticacion\Autenticacion.csproj", "{F857C4DF-626A-40AC-93E3-32CF0765671A}"
EndProject
Global
	GlobalSection(SolutionConfigurationPlatforms) = preSolution
		Debug|Any CPU = Debug|Any CPU
		Release|Any CPU = Release|Any CPU
	EndGlobalSection
	GlobalSection(ProjectConfigurationPlatforms) = postSolution
		{5AB18474-69B4-4B80-AB52-B5F0DC552176}.Debug|Any CPU.ActiveCfg = Debug|Any CPU
		{5AB18474-69B4-4B80-AB52-B5F0DC552176}.Debug|Any CPU.Build.0 = Debug|Any CPU
		{5AB18474-69B4-4B80-AB52-B5F0DC552176}.Release|Any CPU.ActiveCfg = Release|Any CPU
		{5AB18474-69B4-4B80-AB52-B5F0DC552176}.Release|Any CPU.Build.0 = Release|Any CPU
		{F857C4DF-626A-40AC-93E3-32CF0765671A}.Debug|Any CPU.ActiveCfg = Debug|Any CPU
		{F857C4DF-626A-40AC-93E3-32CF0765671A}.Debug|Any CPU.Build.0 = Debug|Any CPU
		{F857C4DF-626A-40AC-93E3-32CF0765671A}.Release|Any CPU.ActiveCfg = Release|Any CPU
		{F857C4DF-626A-40AC-93E3-32CF0765671A}.Release|Any CPU.Build.0 = Release|Any CPU
	EndGlobalSection
	GlobalSection(SolutionProperties) = preSolution
		HideSolutionNode = FALSE
	EndGlobalSection
EndGlobal
