
Microsoft Visual Studio Solution File, Format Version 11.00
# Visual Studio 2010
Project("{E24C65DC-7377-472B-9ABA-BC803B73C61A}") = "WebSiteTrace", "..\..\..\..\Desktop\WebSiteTrace\", "{2F1F57E4-0B78-4F2B-AC41-1FF20DAEF515}"
	ProjectSection(WebsiteProperties) = preProject
		TargetFrameworkMoniker = ".NETFramework,Version%3Dv4.0"
		ProjectReferences = "{1F904949-08A5-4AF1-B968-6068BA27E9FF}|WebTrace.dll;"
		Debug.AspNetCompiler.VirtualPath = "/WebSiteTrace"
		Debug.AspNetCompiler.PhysicalPath = "..\..\..\..\Desktop\WebSiteTrace\"
		Debug.AspNetCompiler.TargetPath = "PrecompiledWeb\WebSiteTrace\"
		Debug.AspNetCompiler.Updateable = "true"
		Debug.AspNetCompiler.ForceOverwrite = "true"
		Debug.AspNetCompiler.FixedNames = "false"
		Debug.AspNetCompiler.Debug = "True"
		Release.AspNetCompiler.VirtualPath = "/WebSiteTrace"
		Release.AspNetCompiler.PhysicalPath = "..\..\..\..\Desktop\WebSiteTrace\"
		Release.AspNetCompiler.TargetPath = "PrecompiledWeb\WebSiteTrace\"
		Release.AspNetCompiler.Updateable = "true"
		Release.AspNetCompiler.ForceOverwrite = "true"
		Release.AspNetCompiler.FixedNames = "false"
		Release.AspNetCompiler.Debug = "False"
		VWDPort = "3851"
		DefaultWebSiteLanguage = "Visual C#"
	EndProjectSection
EndProject
Project("{FAE04EC0-301F-11D3-BF4B-00C04F79EFBC}") = "WebTrace", "WebTrace\WebTrace.csproj", "{1F904949-08A5-4AF1-B968-6068BA27E9FF}"
EndProject
Global
	GlobalSection(SolutionConfigurationPlatforms) = preSolution
		Debug|Any CPU = Debug|Any CPU
		Release|Any CPU = Release|Any CPU
	EndGlobalSection
	GlobalSection(ProjectConfigurationPlatforms) = postSolution
		{2F1F57E4-0B78-4F2B-AC41-1FF20DAEF515}.Debug|Any CPU.ActiveCfg = Debug|Any CPU
		{2F1F57E4-0B78-4F2B-AC41-1FF20DAEF515}.Debug|Any CPU.Build.0 = Debug|Any CPU
		{2F1F57E4-0B78-4F2B-AC41-1FF20DAEF515}.Release|Any CPU.ActiveCfg = Debug|Any CPU
		{2F1F57E4-0B78-4F2B-AC41-1FF20DAEF515}.Release|Any CPU.Build.0 = Debug|Any CPU
		{1F904949-08A5-4AF1-B968-6068BA27E9FF}.Debug|Any CPU.ActiveCfg = Debug|Any CPU
		{1F904949-08A5-4AF1-B968-6068BA27E9FF}.Debug|Any CPU.Build.0 = Debug|Any CPU
		{1F904949-08A5-4AF1-B968-6068BA27E9FF}.Release|Any CPU.ActiveCfg = Release|Any CPU
		{1F904949-08A5-4AF1-B968-6068BA27E9FF}.Release|Any CPU.Build.0 = Release|Any CPU
	EndGlobalSection
	GlobalSection(SolutionProperties) = preSolution
		HideSolutionNode = FALSE
	EndGlobalSection
EndGlobal
